
Microsoft Visual Studio Solution File, Format Version 12.00
# Visual Studio Version 16
VisualStudioVersion = 16.0.31025.194
MinimumVisualStudioVersion = 10.0.40219.1
Project("{FAE04EC0-301F-11D3-BF4B-00C04F79EFBC}") = "Binary Search", "Binary Search\Binary Search.csproj", "{CA12BA9D-FB02-489A-9AB1-F426A957624D}"
EndProject
Global
	GlobalSection(SolutionConfigurationPlatforms) = preSolution
		Debug|Any CPU = Debug|Any CPU
		Release|Any CPU = Release|Any CPU
	EndGlobalSection
	GlobalSection(ProjectConfigurationPlatforms) = postSolution
		{CA12BA9D-FB02-489A-9AB1-F426A957624D}.Debug|Any CPU.ActiveCfg = Debug|Any CPU
		{CA12BA9D-FB02-489A-9AB1-F426A957624D}.Debug|Any CPU.Build.0 = Debug|Any CPU
		{CA12BA9D-FB02-489A-9AB1-F426A957624D}.Release|Any CPU.ActiveCfg = Release|Any CPU
		{CA12BA9D-FB02-489A-9AB1-F426A957624D}.Release|Any CPU.Build.0 = Release|Any CPU
	EndGlobalSection
	GlobalSection(SolutionProperties) = preSolution
		HideSolutionNode = FALSE
	EndGlobalSection
	GlobalSection(ExtensibilityGlobals) = postSolution
		SolutionGuid = {AE5B3E19-4809-4BB3-9AB2-95BFEA366341}
	EndGlobalSection
EndGlobal
